
Microsoft Visual Studio Solution File, Format Version 12.00
# Visual Studio 2015
Project("{FAE04EC0-301F-11D3-BF4B-00C04F79EFBC}") = "u_5_test.CSharp.Plugins", "u_5_test.CSharp.Plugins.csproj", "{88E85DBF-C426-43AC-46AE-1BF164F5727C}"
EndProject
Project("{FAE04EC0-301F-11D3-BF4B-00C04F79EFBC}") = "u_5_test.CSharp.Editor", "u_5_test.CSharp.Editor.csproj", "{FB8693C9-93CC-2233-78EA-C12A28C5B590}"
EndProject
Global
	GlobalSection(SolutionConfigurationPlatforms) = preSolution
		Debug|Any CPU = Debug|Any CPU
		Release|Any CPU = Release|Any CPU
	EndGlobalSection
	GlobalSection(ProjectConfigurationPlatforms) = postSolution
		{88E85DBF-C426-43AC-46AE-1BF164F5727C}.Debug|Any CPU.ActiveCfg = Debug|Any CPU
		{88E85DBF-C426-43AC-46AE-1BF164F5727C}.Debug|Any CPU.Build.0 = Debug|Any CPU
		{88E85DBF-C426-43AC-46AE-1BF164F5727C}.Release|Any CPU.ActiveCfg = Release|Any CPU
		{88E85DBF-C426-43AC-46AE-1BF164F5727C}.Release|Any CPU.Build.0 = Release|Any CPU
		{FB8693C9-93CC-2233-78EA-C12A28C5B590}.Debug|Any CPU.ActiveCfg = Debug|Any CPU
		{FB8693C9-93CC-2233-78EA-C12A28C5B590}.Debug|Any CPU.Build.0 = Debug|Any CPU
		{FB8693C9-93CC-2233-78EA-C12A28C5B590}.Release|Any CPU.ActiveCfg = Release|Any CPU
		{FB8693C9-93CC-2233-78EA-C12A28C5B590}.Release|Any CPU.Build.0 = Release|Any CPU
	EndGlobalSection
	GlobalSection(SolutionProperties) = preSolution
		HideSolutionNode = FALSE
	EndGlobalSection
EndGlobal
